<?xml version="1.0" encoding="utf-8"?>
<Project ToolsVersion="4.0" xmlns="http://schemas.microsoft.com/developer/msbuild/2003">
  <ItemGroup>
    <Filter Include="Source Files">
      <UniqueIdentifier>{4FC737F1-C7A5-4376-A066-2A32D752A2FF}</UniqueIdentifier>
      <Extensions>cpp;c;cc;cxx;c++;cppm;ixx;def;odl;idl;hpj;bat;asm;asmx</Extensions>
    </Filter>
    <Filter Include="Header Files">
      <UniqueIdentifier>{93995380-89BD-4b04-88EB-625FBE52EBFB}</UniqueIdentifier>
      <Extensions>h;hh;hpp;hxx;h++;hm;inl;inc;ipp;xsd</Extensions>
    </Filter>
    <Filter Include="Resource Files">
      <UniqueIdentifier>{67DA6AB6-F800-4c08-8B7A-83BB121AAD01}</UniqueIdentifier>
      <Extensions>rc;ico;cur;bmp;dlg;rc2;rct;bin;rgs;gif;jpg;jpeg;jpe;resx;tiff;tif;png;wav;mfcribbon-ms</Extensions>
    </Filter>
  </ItemGroup>
  <ItemGroup>
    <ClCompile Include="Src\ai_snake.cpp">
      <Filter>Source Files</Filter>
    </ClCompile>
    <ClCompile Include="Src\asset_holder.cpp">
      <Filter>Source Files</Filter>
    </ClCompile>
    <ClCompile Include="Src\context.cpp">
      <Filter>Source Files</Filter>
    </ClCompile>
    <ClCompile Include="Src\endgame.cpp">
      <Filter>Source Files</Filter>
    </ClCompile>
    <ClCompile Include="Src\game.cpp">
      <Filter>Source Files</Filter>
    </ClCompile>
    <ClCompile Include="Src\gameplay.cpp">
      <Filter>Source Files</Filter>
    </ClCompile>
    <ClCompile Include="Src\help_screen.cpp">
      <Filter>Source Files</Filter>
    </ClCompile>
    <ClCompile Include="Src\main.cpp">
      <Filter>Source Files</Filter>
    </ClCompile>
    <ClCompile Include="Src\mainmenu.cpp">
      <Filter>Source Files</Filter>
    </ClCompile>
    <ClCompile Include="Src\snake.cpp">
      <Filter>Source Files</Filter>
    </ClCompile>
    <ClCompile Include="Src\stateman.cpp">
      <Filter>Source Files</Filter>
    </ClCompile>
    <ClCompile Include="Src\stdafx.cpp">
      <Filter>Source Files</Filter>
    </ClCompile>
  </ItemGroup>
  <ItemGroup>
    <ClInclude Include="Src\stdafx.h">
      <Filter>Source Files</Filter>
    </ClInclude>
    <ClInclude Include="headers\ai_snake.h">
      <Filter>Header Files</Filter>
    </ClInclude>
    <ClInclude Include="headers\asset_holder.h">
      <Filter>Header Files</Filter>
    </ClInclude>
    <ClInclude Include="headers\context.h">
      <Filter>Header Files</Filter>
    </ClInclude>
    <ClInclude Include="headers\endgame.h">
      <Filter>Header Files</Filter>
    </ClInclude>
    <ClInclude Include="headers\game.h">
      <Filter>Header Files</Filter>
    </ClInclude>
    <ClInclude Include="headers\gameplay.h">
      <Filter>Header Files</Filter>
    </ClInclude>
    <ClInclude Include="headers\help_screen.h">
      <Filter>Header Files</Filter>
    </ClInclude>
    <ClInclude Include="headers\mainmenu.h">
      <Filter>Header Files</Filter>
    </ClInclude>
    <ClInclude Include="headers\snake.h">
      <Filter>Header Files</Filter>
    </ClInclude>
    <ClInclude Include="headers\state.h">
      <Filter>Header Files</Filter>
    </ClInclude>
    <ClInclude Include="headers\stateman.h">
      <Filter>Header Files</Filter>
    </ClInclude>
  </ItemGroup>
</Project>